github.com/VividCortex/mysqlerr v1.0.0 h1:5pZ2TZA+YnzPgzBfiUWGqWmKDVNBdrkf9g+DNe1Tiq8=
github.com/VividCortex/mysqlerr v1.0.0/go.mod h1:xERx8E4tBhLvpjzdUyQiSfUxeMcATEQrflDAfXsqcAE=
github.com/go-sql-driver/mysql v1.6.0 h1:BCTh4TKNUYmOmMUcQ3IipzF5prigylS7XXjEkfCHuOE=
github.com/go-sql-driver/mysql v1.6.0/go.mod h1:DCzpHaOWr8IXmIStZouvnhqoel9Qv2LBy8hT2VhHyBg=
